
Microsoft Visual Studio Solution File, Format Version 12.00
# Visual Studio Version 17
VisualStudioVersion = 17.14.36414.22
MinimumVisualStudioVersion = 10.0.40219.1
Project("{FAE04EC0-301F-11D3-BF4B-00C04F79EFBC}") = "JobApplication", "JobApplication\JobApplication.csproj", "{F0F9FC91-0723-4E23-A822-2C28F3174730}"
EndProject
Global
	GlobalSection(SolutionConfigurationPlatforms) = preSolution
		Debug|Any CPU = Debug|Any CPU
		Release|Any CPU = Release|Any CPU
	EndGlobalSection
	GlobalSection(ProjectConfigurationPlatforms) = postSolution
		{F0F9FC91-0723-4E23-A822-2C28F3174730}.Debug|Any CPU.ActiveCfg = Debug|Any CPU
		{F0F9FC91-0723-4E23-A822-2C28F3174730}.Debug|Any CPU.Build.0 = Debug|Any CPU
		{F0F9FC91-0723-4E23-A822-2C28F3174730}.Release|Any CPU.ActiveCfg = Release|Any CPU
		{F0F9FC91-0723-4E23-A822-2C28F3174730}.Release|Any CPU.Build.0 = Release|Any CPU
	EndGlobalSection
	GlobalSection(SolutionProperties) = preSolution
		HideSolutionNode = FALSE
	EndGlobalSection
	GlobalSection(ExtensibilityGlobals) = postSolution
		SolutionGuid = {92B868EA-6C51-44F9-B8F9-88BD2A5F2874}
	EndGlobalSection
EndGlobal
